{
  "requires": true,
  "lockfileVersion": 1,
  "dependencies": {
    "gitbook-plugin-baiduana": {
      "version": "1.0.0",
      "resolved": "https://registry.npm.taobao.org/gitbook-plugin-baiduana/download/gitbook-plugin-baiduana-1.0.0.tgz",
      "integrity": "sha1-Xol8/29O5/NvMxBwvyDqyu11re0="
    },
    "gitbook-plugin-pageview-count": {
      "version": "1.0.1",
      "resolved": "https://registry.npm.taobao.org/gitbook-plugin-pageview-count/download/gitbook-plugin-pageview-count-1.0.1.tgz",
      "integrity": "sha1-38W0u5KQ9QMAXyhVnQcRQl1vlME="
    }
  }
}
